
Microsoft Visual Studio Solution File, Format Version 12.00
# Visual Studio Version 17
VisualStudioVersion = 17.13.35825.156 d17.13
MinimumVisualStudioVersion = 10.0.40219.1
Project("{FAE04EC0-301F-11D3-BF4B-00C04F79EFBC}") = "MauiAppMinhasCompras", "MauiAppMinhasCompras\MauiAppMinhasCompras.csproj", "{46D20E45-884B-45A5-A2E4-348DB6CBAE70}"
EndProject
Global
	GlobalSection(SolutionConfigurationPlatforms) = preSolution
		Debug|Any CPU = Debug|Any CPU
		Release|Any CPU = Release|Any CPU
	EndGlobalSection
	GlobalSection(ProjectConfigurationPlatforms) = postSolution
		{46D20E45-884B-45A5-A2E4-348DB6CBAE70}.Debug|Any CPU.ActiveCfg = Debug|Any CPU
		{46D20E45-884B-45A5-A2E4-348DB6CBAE70}.Debug|Any CPU.Build.0 = Debug|Any CPU
		{46D20E45-884B-45A5-A2E4-348DB6CBAE70}.Release|Any CPU.ActiveCfg = Release|Any CPU
		{46D20E45-884B-45A5-A2E4-348DB6CBAE70}.Release|Any CPU.Build.0 = Release|Any CPU
	EndGlobalSection
	GlobalSection(SolutionProperties) = preSolution
		HideSolutionNode = FALSE
	EndGlobalSection
	GlobalSection(ExtensibilityGlobals) = postSolution
		SolutionGuid = {02AFDA4B-80AD-4C62-B515-FC94E2073D24}
	EndGlobalSection
EndGlobal
